
Microsoft Visual Studio Solution File, Format Version 12.00
# Visual Studio Version 17
VisualStudioVersion = 17.7.34009.444
MinimumVisualStudioVersion = 10.0.40219.1
Project("{FAE04EC0-301F-11D3-BF4B-00C04F79EFBC}") = "BestBuyBestPractices", "BestBuyBestPractices\BestBuyBestPractices.csproj", "{D1EC069E-5E8A-4378-A00B-ECD0E7F0CF22}"
EndProject
Global
	GlobalSection(SolutionConfigurationPlatforms) = preSolution
		Debug|Any CPU = Debug|Any CPU
		Release|Any CPU = Release|Any CPU
	EndGlobalSection
	GlobalSection(ProjectConfigurationPlatforms) = postSolution
		{D1EC069E-5E8A-4378-A00B-ECD0E7F0CF22}.Debug|Any CPU.ActiveCfg = Debug|Any CPU
		{D1EC069E-5E8A-4378-A00B-ECD0E7F0CF22}.Debug|Any CPU.Build.0 = Debug|Any CPU
		{D1EC069E-5E8A-4378-A00B-ECD0E7F0CF22}.Release|Any CPU.ActiveCfg = Release|Any CPU
		{D1EC069E-5E8A-4378-A00B-ECD0E7F0CF22}.Release|Any CPU.Build.0 = Release|Any CPU
	EndGlobalSection
	GlobalSection(SolutionProperties) = preSolution
		HideSolutionNode = FALSE
	EndGlobalSection
	GlobalSection(ExtensibilityGlobals) = postSolution
		SolutionGuid = {B9C8AEFA-6CAA-4858-B763-E62839CBF5A1}
	EndGlobalSection
EndGlobal
